{
    "_meta": {
        "hash": {
            "sha256": "989cdf731f4362b5fc850cbb9cb04f0ad2682f8895f790337cc0c58693757c58"
        },
        "pipfile-spec": 6,
        "requires": {},
        "sources": [
            {
                "name": "pypi",
                "url": "https://pypi.org/simple",
                "verify_ssl": true
            }
        ]
    },
    "default": {
        "cycler": {
            "hashes": [
                "sha256:1d8a5ae1ff6c5cf9b93e8811e581232ad8920aeec647c37316ceac982b08cb2d",
                "sha256:cd7b2d1018258d7247a71425e9f26463dfb444d411c39569972f4ce586b0c9d8"
            ],
            "version": "==0.10.0"
        },
        "cython": {
            "hashes": [
                "sha256:0c4b9f7e3aa004cf3f364e3e772f55fec5740485bafea99d1f13bdc9bbd8a545",
                "sha256:20402ef316393168909926ab21848aa6e08e39bed5003b657139774e66166cd0",
                "sha256:20cb50d9fede8029bdb50875458f07a27f909289aeed4cdb9c19544dd9a9bc45",
                "sha256:2365f3b5e6451b6bc6dcd262230656f4ade1d862ec2f6c22154deebef37c08b6",
                "sha256:266459c7e48fe3c6c492b297e4033e42d4c6863cc1a1ff7cc4034949fc574fa6",
                "sha256:282263628c5d601b313d5920f7b6d7e08c7fedbddacd080c4858aa04d86b6b4b",
                "sha256:2a3bbce689a2fddb85aa66712d93875c99bf7f64ac82b1d149ecce522a7a4e0c",
                "sha256:2af52d312e96b38ded38b34d06e22685c226b1b0e58278bd27209f5d2385d115",
                "sha256:355a6e768d91e21fbf477b61881bab64b7a2da386a166898997bccefd532cf5d",
                "sha256:37ff66039e3d138ec968ee1d1e12441fa5fb4e6a9c5458bc3c3a232f01be4a7d",
                "sha256:3b29224eb62309a10819d923dc6262f769e4f3facfee3cd06372c355e5b38b33",
                "sha256:3ef530f975e3a760e7282fce2a25f900fa63f96d17321b4aa5f5542eb9859cdf",
                "sha256:41cd0dd2ff5d78466e73409db509887a84449b400074d4f217980cedbb18e4be",
                "sha256:474c1a29ab43e29d990df279e2cf6aa96baa9208f5cd4bc76ac87ffcdf1e2945",
                "sha256:4858043ac5f96a8f0277cf63760bb39b9521c1f897678cf1d22423f3e758f4ed",
                "sha256:4b0bcf2e06a9063fc78c3243ed4003228375d532ef13b9e5d7183be8f0a52cf5",
                "sha256:4b6824b58d4373224fc76ee8bee6b35c2d17c91a1ed0fa67b88440f63daebe50",
                "sha256:4d7c3b0882d8757c601eaf288fc0d321d5c7ac6c3afb8c42eddf9325a3419cf5",
                "sha256:519fccf526d26b377e1db22f22aa44889b28bc5833ec106588cb13557e8ba2da",
                "sha256:58dc06871bfdb0592542d779714fe9f918e11ba20ac07757dd63b198bdc704fe",
                "sha256:5a6792153b728a0240e55bbb5b643f4f7e45c76319e03abf15bf367471ea1d1a",
                "sha256:5be3ae3189cf7d0e9bbeafb854496dc7030c6f6a5602d809435fab8223543a41",
                "sha256:625a16103770fd92b487b701fb0c07e5790b080f40fa11ce572a2d56d9e9fcca",
                "sha256:6a0d31452f0245daacb14c979c77e093eb1a546c760816b5eed0047686baad8e",
                "sha256:794e3df0b57e16bce7583ac909126f4cb381fe566adadb20484d89095855eedb",
                "sha256:7b7a766726d207d7cd57aff0fcb4b35ce042d3cc88a421fcdb45eeb61a5b9d12",
                "sha256:7d6a33c8a11f05f698e215bfdb837f32c27f63c20f3af863557ed91c748dc2be",
                "sha256:a8eed9c82e8fe07b8a8ffbd36018871a17458903fc25c9d015f37b54513a3efd",
                "sha256:aa3bb0928fb2aa3a8828801eb8b29af2261c199f805ae835467489e2bdd00372",
                "sha256:b0699f0dc90181f2458fdb8170455e7798a309e18f41379eda7a2dc8c7aadee0",
                "sha256:c4b82461edbbcf90f19b319006345b77474a2d7514e1476d49a14bbd55d6b797",
                "sha256:ceccc03b633113ede1f14ad914a6db5c278ce108c8ddb308a5c01c1567d8a02a",
                "sha256:ef21c51350462160456eb71df31b0869e5141e940f22c61c358bdb6e3ebc3388",
                "sha256:f4aca6bffb1c1c3c4ada3347d0b162a699c18a66e097ee08b63b3a35118fdfcc",
                "sha256:ff885f18d169759b57f116d3956e45cd2b9cba989fde348bba091544c668dc11"
            ],
            "version": "==0.29.23"
        },
        "dtaidistance": {
            "hashes": [
                "sha256:3db7082c44d04d7a1b3ed01605911e32b3072a1a46669f409515b24976372d88",
                "sha256:8d0e1ab0885dcbabf0d4c7835a936e140a722e7a008c2ec24247911348e9c679"
            ],
            "index": "pypi",
            "version": "==1.2.3"
        },
        "kiwisolver": {
            "hashes": [
                "sha256:0cd53f403202159b44528498de18f9285b04482bab2a6fc3f5dd8dbb9352e30d",
                "sha256:1e1bc12fb773a7b2ffdeb8380609f4f8064777877b2225dec3da711b421fda31",
                "sha256:225e2e18f271e0ed8157d7f4518ffbf99b9450fca398d561eb5c4a87d0986dd9",
                "sha256:232c9e11fd7ac3a470d65cd67e4359eee155ec57e822e5220322d7b2ac84fbf0",
                "sha256:31dfd2ac56edc0ff9ac295193eeaea1c0c923c0355bf948fbd99ed6018010b72",
                "sha256:33449715e0101e4d34f64990352bce4095c8bf13bed1b390773fc0a7295967b3",
                "sha256:401a2e9afa8588589775fe34fc22d918ae839aaaf0c0e96441c0fdbce6d8ebe6",
                "sha256:44a62e24d9b01ba94ae7a4a6c3fb215dc4af1dde817e7498d901e229aaf50e4e",
                "sha256:50af681a36b2a1dee1d3c169ade9fdc59207d3c31e522519181e12f1b3ba7000",
                "sha256:563c649cfdef27d081c84e72a03b48ea9408c16657500c312575ae9d9f7bc1c3",
                "sha256:5989db3b3b34b76c09253deeaf7fbc2707616f130e166996606c284395da3f18",
                "sha256:5a7a7dbff17e66fac9142ae2ecafb719393aaee6a3768c9de2fd425c63b53e21",
                "sha256:5c3e6455341008a054cccee8c5d24481bcfe1acdbc9add30aa95798e95c65621",
                "sha256:5f6ccd3dd0b9739edcf407514016108e2280769c73a85b9e59aa390046dbf08b",
                "sha256:72c99e39d005b793fb7d3d4e660aed6b6281b502e8c1eaf8ee8346023c8e03bc",
                "sha256:78751b33595f7f9511952e7e60ce858c6d64db2e062afb325985ddbd34b5c131",
                "sha256:834ee27348c4aefc20b479335fd422a2c69db55f7d9ab61721ac8cd83eb78882",
                "sha256:8be8d84b7d4f2ba4ffff3665bcd0211318aa632395a1a41553250484a871d454",
                "sha256:950a199911a8d94683a6b10321f9345d5a3a8433ec58b217ace979e18f16e248",
                "sha256:a357fd4f15ee49b4a98b44ec23a34a95f1e00292a139d6015c11f55774ef10de",
                "sha256:a53d27d0c2a0ebd07e395e56a1fbdf75ffedc4a05943daf472af163413ce9598",
                "sha256:acef3d59d47dd85ecf909c359d0fd2c81ed33bdff70216d3956b463e12c38a54",
                "sha256:b38694dcdac990a743aa654037ff1188c7a9801ac3ccc548d3341014bc5ca278",
                "sha256:b9edd0110a77fc321ab090aaa1cfcaba1d8499850a12848b81be2222eab648f6",
                "sha256:c08e95114951dc2090c4a630c2385bef681cacf12636fb0241accdc6b303fd81",
                "sha256:c5518d51a0735b1e6cee1fdce66359f8d2b59c3ca85dc2b0813a8aa86818a030",
                "sha256:c8fd0f1ae9d92b42854b2979024d7597685ce4ada367172ed7c09edf2cef9cb8",
                "sha256:ca3820eb7f7faf7f0aa88de0e54681bddcb46e485beb844fcecbcd1c8bd01689",
                "sha256:cf8b574c7b9aa060c62116d4181f3a1a4e821b2ec5cbfe3775809474113748d4",
                "sha256:d3155d828dec1d43283bd24d3d3e0d9c7c350cdfcc0bd06c0ad1209c1bbc36d0",
                "sha256:f8d6f8db88049a699817fd9178782867bf22283e3813064302ac59f61d95be05",
                "sha256:fd34fbbfbc40628200730bc1febe30631347103fc8d3d4fa012c21ab9c11eca9"
            ],
            "version": "==1.3.1"
        },
        "matplotlib": {
            "hashes": [
                "sha256:23b71560c721109954c0215ffc81f4c80ce8528749d534a01a61e8ab737c5bce",
                "sha256:4164265ca573481ce61c83322e6b33628203afeabeb3e22c50376f5d3ee0f9be",
                "sha256:470eed601ff5132364e0121a20d7c3d43fab969c8c333422c1b6b72fde2ed3c1",
                "sha256:635ded7834f43c8d999076236f7e90074d77f7b8345e5e82cd95af053cc29df1",
                "sha256:6a0031774c6c68298183438edf2e738856d63a4c4797876fa81d0ee337f5361c",
                "sha256:78d0772412c0653aa3e860c52ff08d1f5ba64334e2b86b09dc2d502657d8ca73",
                "sha256:8efff896c49676700dc6adace6137a854ff64a4d44ca057ff726960ffdaa47bf",
                "sha256:97f04d29a358826f205320fbc88d46ce5c5ff6fb54ae050042ff396beda52ca4",
                "sha256:b4c0010eff09ab65c77ad1a0eec6c7cccb9f6838c3c77dc5b4002fe0cf2912fd",
                "sha256:b5ace0531255932ad19fe64c116ada2713f7b38381db8f68df0fa694409e67d1",
                "sha256:c7bb7ed3e011324b56462391ec3f4bbb7c8c6af5892ebfb45d312b15b4cdfc8d",
                "sha256:db3121f12fb9b99f105d1413aebaeb3d943f269f3d262b45586d12765866f0c6",
                "sha256:db8bbba9284845034a2f0e1add91dc5e89db8c996359bdcf677a8d6f88875cf1",
                "sha256:f0023322c99328c40ce22678ab0ab5adfc27e338419966539398239996f63e8d"
            ],
            "index": "pypi",
            "version": "==3.1.3"
        },
        "numpy": {
            "hashes": [
                "sha256:1786a08236f2c92ae0e70423c45e1e62788ed33028f94ca99c4df03f5be6b3c6",
                "sha256:17aa7a81fe7599a10f2b7d95856dc5cf84a4eefa45bc96123cbbc3ebc568994e",
                "sha256:20b26aaa5b3da029942cdcce719b363dbe58696ad182aff0e5dcb1687ec946dc",
                "sha256:2d75908ab3ced4223ccba595b48e538afa5ecc37405923d1fea6906d7c3a50bc",
                "sha256:39d2c685af15d3ce682c99ce5925cc66efc824652e10990d2462dfe9b8918c6a",
                "sha256:56bc8ded6fcd9adea90f65377438f9fea8c05fcf7c5ba766bef258d0da1554aa",
                "sha256:590355aeade1a2eaba17617c19edccb7db8d78760175256e3cf94590a1a964f3",
                "sha256:70a840a26f4e61defa7bdf811d7498a284ced303dfbc35acb7be12a39b2aa121",
                "sha256:77c3bfe65d8560487052ad55c6998a04b654c2fbc36d546aef2b2e511e760971",
                "sha256:9537eecf179f566fd1c160a2e912ca0b8e02d773af0a7a1120ad4f7507cd0d26",
                "sha256:9acdf933c1fd263c513a2df3dceecea6f3ff4419d80bf238510976bf9bcb26cd",
                "sha256:ae0975f42ab1f28364dcda3dde3cf6c1ddab3e1d4b2909da0cb0191fa9ca0480",
                "sha256:b3af02ecc999c8003e538e60c89a2b37646b39b688d4e44d7373e11c2debabec",
                "sha256:b6ff59cee96b454516e47e7721098e6ceebef435e3e21ac2d6c3b8b02628eb77",
                "sha256:b765ed3930b92812aa698a455847141869ef755a87e099fddd4ccf9d81fffb57",
                "sha256:c98c5ffd7d41611407a1103ae11c8b634ad6a43606eca3e2a5a269e5d6e8eb07",
                "sha256:cf7eb6b1025d3e169989416b1adcd676624c2dbed9e3bcb7137f51bfc8cc2572",
                "sha256:d92350c22b150c1cae7ebb0ee8b5670cc84848f6359cf6b5d8f86617098a9b73",
                "sha256:e422c3152921cece8b6a2fb6b0b4d73b6579bd20ae075e7d15143e711f3ca2ca",
                "sha256:e840f552a509e3380b0f0ec977e8124d0dc34dc0e68289ca28f4d7c1d0d79474",
                "sha256:f3d0a94ad151870978fb93538e95411c83899c9dc63e6fb65542f769568ecfa5"
            ],
            "index": "pypi",
            "version": "==1.18.1"
        },
        "opencv-python": {
            "hashes": [
                "sha256:0f2e739c582e8c5e432130648bc6d66a56bc65f4cd9ff0bc7033033d2130c7a3",
                "sha256:0f3d159ad6cb9cbd188c726f87485f0799a067a0a15f34c25d7b5c8db3cb2e50",
                "sha256:167a6aff9bd124a3a67e0ec25d0da5ecdc8d96a56405e3e5e7d586c4105eb1bb",
                "sha256:1b90d50bc7a31e9573a8da1b80fcd1e4d9c86c0e5f76387858e1b87eb8b0332b",
                "sha256:2baf1213ae2fd678991f905d7b2b94eddfdfb5f75757db0f0b31eebd48ca200d",
                "sha256:312dda54c7e809c20d7409418060ae0e9cdbe82975e7ced429eb3c234ffc0d4a",
                "sha256:32384e675f7cefe707cac40a95eeb142d6869065e39c5500374116297cd8ca6d",
                "sha256:5c50634dd8f2f866fd99fd939292ce10e52bef82804ebc4e7f915221c3b7e951",
                "sha256:6841bb9cc24751dbdf94e7eefc4e6d70ec297952501954471299fd12ab67391c",
                "sha256:68c1c846dd267cd7e293d3fc0bb238db0a744aa1f2e721e327598f00cb982098",
                "sha256:703910aaa1dcd25a412f78a190fb7a352d9a64ee7d9a35566d786f3cc66ebf20",
                "sha256:8002959146ed21959e3118c60c8e94ceac02eea15b691da6c62cff4787c63f7f",
                "sha256:889eef049d38488b5b4646c48a831feed37c0fd44f3d83c05cff80f4baded145",
                "sha256:8c76983c9ec3e4cf3a4c1d172ec4285332d9fb1c7194d724aff0c518437471ee",
                "sha256:9cd9bd72f4a9743ef6f11f0f96784bd215a542e996db1717d4c2d3d03eb81a1b",
                "sha256:a1a5517301dc8d56243a14253d231ec755b94486b4fff2ae68269bc941bb1f2e",
                "sha256:a2b08aec2eacae868723136383d9eb84a33062a7a7ec5ec3bd2c423bd1355946",
                "sha256:a8529a79233f3581a66984acd16bce52ab0163f6f77568dd69e9ee4956d2e1db",
                "sha256:afbc81a3870739610a9f9a1197374d6a45892cf1933c90fc5617d39790991ed3",
                "sha256:baeb5dd8b21c718580687f5b4efd03f8139b1c56239cdf6b9805c6946e80f268",
                "sha256:db1d49b753e6e6c76585f21d09c7e9812176732baa9bddb64bc2fc6cd24d4179",
                "sha256:e242ed419aeb2488e0f9ee6410a34917f0f8d62b3ae96aa3170d83bae75004e2",
                "sha256:e36a8857be2c849e54009f1bee25e8c34fbc683fcd38c6c700af4cba5f8d57c2",
                "sha256:e699232fd033ef0053efec2cba0a7505514f374ba7b18c732a77cb5304311ef9",
                "sha256:eae3da9231d87980f8082d181c276a04f7a6fdac130cebd467390b96dd05f944",
                "sha256:ee6814c94dbf1cae569302afef9dd29efafc52373e8770ded0db549a3b6e0c00",
                "sha256:f01a87a015227d8af407161eb48222fc3c8b01661cdc841e2b86eee4f1a7a417"
            ],
            "index": "pypi",
            "version": "==4.2.0.32"
        },
        "pillow": {
            "hashes": [
                "sha256:01425106e4e8cee195a411f729cff2a7d61813b0b11737c12bd5991f5f14bcd5",
                "sha256:031a6c88c77d08aab84fecc05c3cde8414cd6f8406f4d2b16fed1e97634cc8a4",
                "sha256:083781abd261bdabf090ad07bb69f8f5599943ddb539d64497ed021b2a67e5a9",
                "sha256:0d19d70ee7c2ba97631bae1e7d4725cdb2ecf238178096e8c82ee481e189168a",
                "sha256:0e04d61f0064b545b989126197930807c86bcbd4534d39168f4aa5fda39bb8f9",
                "sha256:12e5e7471f9b637762453da74e390e56cc43e486a88289995c1f4c1dc0bfe727",
                "sha256:22fd0f42ad15dfdde6c581347eaa4adb9a6fc4b865f90b23378aa7914895e120",
                "sha256:238c197fc275b475e87c1453b05b467d2d02c2915fdfdd4af126145ff2e4610c",
                "sha256:3b570f84a6161cf8865c4e08adf629441f56e32f180f7aa4ccbd2e0a5a02cba2",
                "sha256:463822e2f0d81459e113372a168f2ff59723e78528f91f0bd25680ac185cf797",
                "sha256:4d98abdd6b1e3bf1a1cbb14c3895226816e666749ac040c4e2554231068c639b",
                "sha256:5afe6b237a0b81bd54b53f835a153770802f164c5570bab5e005aad693dab87f",
                "sha256:5b70110acb39f3aff6b74cf09bb4169b167e2660dabc304c1e25b6555fa781ef",
                "sha256:5cbf3e3b1014dddc45496e8cf38b9f099c95a326275885199f427825c6522232",
                "sha256:624b977355cde8b065f6d51b98497d6cd5fbdd4f36405f7a8790e3376125e2bb",
                "sha256:63728564c1410d99e6d1ae8e3b810fe012bc440952168af0a2877e8ff5ab96b9",
                "sha256:66cc56579fd91f517290ab02c51e3a80f581aba45fd924fcdee01fa06e635812",
                "sha256:6c32cc3145928c4305d142ebec682419a6c0a8ce9e33db900027ddca1ec39178",
                "sha256:8b56553c0345ad6dcb2e9b433ae47d67f95fc23fe28a0bde15a120f25257e291",
                "sha256:8bb1e155a74e1bfbacd84555ea62fa21c58e0b4e7e6b20e4447b8d07990ac78b",
                "sha256:95d5ef984eff897850f3a83883363da64aae1000e79cb3c321915468e8c6add5",
                "sha256:a013cbe25d20c2e0c4e85a9daf438f85121a4d0344ddc76e33fd7e3965d9af4b",
                "sha256:a787ab10d7bb5494e5f76536ac460741788f1fbce851068d73a87ca7c35fc3e1",
                "sha256:a7d5e9fad90eff8f6f6106d3b98b553a88b6f976e51fce287192a5d2d5363713",
                "sha256:aac00e4bc94d1b7813fe882c28990c1bc2f9d0e1aa765a5f2b516e8a6a16a9e4",
                "sha256:b91c36492a4bbb1ee855b7d16fe51379e5f96b85692dc8210831fbb24c43e484",
                "sha256:c03c07ed32c5324939b19e36ae5f75c660c81461e312a41aea30acdd46f93a7c",
                "sha256:c5236606e8570542ed424849f7852a0ff0bce2c4c8d0ba05cc202a5a9c97dee9",
                "sha256:c6b39294464b03457f9064e98c124e09008b35a62e3189d3513e5148611c9388",
                "sha256:cb7a09e173903541fa888ba010c345893cd9fc1b5891aaf060f6ca77b6a3722d",
                "sha256:d68cb92c408261f806b15923834203f024110a2e2872ecb0bd2a110f89d3c602",
                "sha256:dc38f57d8f20f06dd7c3161c59ca2c86893632623f33a42d592f097b00f720a9",
                "sha256:e98eca29a05913e82177b3ba3d198b1728e164869c613d76d0de4bde6768a50e",
                "sha256:f217c3954ce5fd88303fc0c317af55d5e0204106d86dea17eb8205700d47dec2"
            ],
            "index": "pypi",
            "version": "==8.2.0"
        },
        "pyparsing": {
            "hashes": [
                "sha256:c203ec8783bf771a155b207279b9bccb8dea02d8f0c9e5f8ead507bc3246ecc1",
                "sha256:ef9d7589ef3c200abe66653d3f1ab1033c3c419ae9b9bdb1240a85b024efc88b"
            ],
            "version": "==2.4.7"
        },
        "python-dateutil": {
            "hashes": [
                "sha256:73ebfe9dbf22e832286dafa60473e4cd239f8592f699aa5adaf10050e6e1823c",
                "sha256:75bb3f31ea686f1197762692a9ee6a7550b59fc6ca3a1f4b5d7e32fb98e2da2a"
            ],
            "version": "==2.8.1"
        },
        "scipy": {
            "hashes": [
                "sha256:00af72998a46c25bdb5824d2b729e7dabec0c765f9deb0b504f928591f5ff9d4",
                "sha256:0902a620a381f101e184a958459b36d3ee50f5effd186db76e131cbefcbb96f7",
                "sha256:1e3190466d669d658233e8a583b854f6386dd62d655539b77b3fa25bfb2abb70",
                "sha256:2cce3f9847a1a51019e8c5b47620da93950e58ebc611f13e0d11f4980ca5fecb",
                "sha256:3092857f36b690a321a662fe5496cb816a7f4eecd875e1d36793d92d3f884073",
                "sha256:386086e2972ed2db17cebf88610aab7d7f6e2c0ca30042dc9a89cf18dcc363fa",
                "sha256:71eb180f22c49066f25d6df16f8709f215723317cc951d99e54dc88020ea57be",
                "sha256:770254a280d741dd3436919d47e35712fb081a6ff8bafc0f319382b954b77802",
                "sha256:787cc50cab3020a865640aba3485e9fbd161d4d3b0d03a967df1a2881320512d",
                "sha256:8a07760d5c7f3a92e440ad3aedcc98891e915ce857664282ae3c0220f3301eb6",
                "sha256:8d3bc3993b8e4be7eade6dcc6fd59a412d96d3a33fa42b0fa45dc9e24495ede9",
                "sha256:9508a7c628a165c2c835f2497837bf6ac80eb25291055f56c129df3c943cbaf8",
                "sha256:a144811318853a23d32a07bc7fd5561ff0cac5da643d96ed94a4ffe967d89672",
                "sha256:a1aae70d52d0b074d8121333bc807a485f9f1e6a69742010b33780df2e60cfe0",
                "sha256:a2d6df9eb074af7f08866598e4ef068a2b310d98f87dc23bd1b90ec7bdcec802",
                "sha256:bb517872058a1f087c4528e7429b4a44533a902644987e7b2fe35ecc223bc408",
                "sha256:c5cac0c0387272ee0e789e94a570ac51deb01c796b37fb2aad1fb13f85e2f97d",
                "sha256:cc971a82ea1170e677443108703a2ec9ff0f70752258d0e9f5433d00dda01f59",
                "sha256:dba8306f6da99e37ea08c08fef6e274b5bf8567bb094d1dbe86a20e532aca088",
                "sha256:dc60bb302f48acf6da8ca4444cfa17d52c63c5415302a9ee77b3b21618090521",
                "sha256:dee1bbf3a6c8f73b6b218cb28eed8dd13347ea2f87d572ce19b289d6fd3fbc59"
            ],
            "index": "pypi",
            "version": "==1.4.1"
        },
        "six": {
            "hashes": [
                "sha256:1e61c37477a1626458e36f7b1d82aa5c9b094fa4802892072e49de9c60c4c926",
                "sha256:8abb2f1d86890a2dfb989f9a77cfcfd3e47c2a354b01111771326f8aa26e0254"
            ],
            "version": "==1.16.0"
        }
    },
    "develop": {}
}
